
Microsoft Visual Studio Solution File, Format Version 12.00
# Visual Studio Version 16
VisualStudioVersion = 16.0.28803.352
MinimumVisualStudioVersion = 10.0.40219.1
Project("{FAE04EC0-301F-11D3-BF4B-00C04F79EFBC}") = "RunpathApiBedTest", "RunpathApiBedTest\RunpathApiBedTest.csproj", "{B021AC01-0495-465E-97AA-6ADF3F268E8B}"
EndProject
Global
	GlobalSection(SolutionConfigurationPlatforms) = preSolution
		Debug|Any CPU = Debug|Any CPU
		Release|Any CPU = Release|Any CPU
	EndGlobalSection
	GlobalSection(ProjectConfigurationPlatforms) = postSolution
		{B021AC01-0495-465E-97AA-6ADF3F268E8B}.Debug|Any CPU.ActiveCfg = Debug|Any CPU
		{B021AC01-0495-465E-97AA-6ADF3F268E8B}.Debug|Any CPU.Build.0 = Debug|Any CPU
		{B021AC01-0495-465E-97AA-6ADF3F268E8B}.Release|Any CPU.ActiveCfg = Release|Any CPU
		{B021AC01-0495-465E-97AA-6ADF3F268E8B}.Release|Any CPU.Build.0 = Release|Any CPU
	EndGlobalSection
	GlobalSection(SolutionProperties) = preSolution
		HideSolutionNode = FALSE
	EndGlobalSection
	GlobalSection(ExtensibilityGlobals) = postSolution
		SolutionGuid = {90EAC69B-FB1B-4315-8BAF-DAA94ADD7C73}
	EndGlobalSection
EndGlobal
